<?xml version="1.0" encoding="UTF-8" standalone="yes" ?>
<CodeBlocks_project_file>
	<FileVersion major="1" minor="6" />
	<Project>
		<Option title="Test_Hunted_by_wild_animals_Game" />
		<Option pch_mode="2" />
		<Option compiler="gcc" />
		<Build>
			<Target title="Debug">
				<Option output="bin/Debug/Test_Hunted_by_wild_animals_Game" prefix_auto="1" extension_auto="1" />
				<Option object_output="obj/Debug/" />
				<Option type="1" />
				<Option compiler="gcc" />
				<Compiler>
					<Add option="-g" />
				</Compiler>
			</Target>
			<Target title="Release">
				<Option output="bin/Release/Test_Hunted_by_wild_animals_Game" prefix_auto="1" extension_auto="1" />
				<Option object_output="obj/Release/" />
				<Option type="1" />
				<Option compiler="gcc" />
				<Compiler>
					<Add option="-O2" />
				</Compiler>
				<Linker>
					<Add option="-s" />
				</Linker>
			</Target>
		</Build>
		<Compiler>
			<Add option="-Wall" />
			<Add option="-fexceptions" />
		</Compiler>
		<Unit filename="Testabres.cpp" />
		<Unit filename="Testfauves.cpp" />
		<Unit filename="Testgrille.cpp" />
		<Unit filename="Testjoueur.cpp" />
		<Unit filename="Testlion.cpp" />
		<Unit filename="Testpieges.cpp" />
		<Unit filename="Testposition.cpp" />
		<Unit filename="Testterrain.cpp" />
		<Unit filename="Testtigre.cpp" />
		<Unit filename="doctest.h" />
		<Unit filename="main.cpp" />
		<Extensions />
	</Project>
</CodeBlocks_project_file>
