<?xml version="1.0" encoding="UTF-8" standalone="yes" ?>
<CodeBlocks_project_file>
	<FileVersion major="1" minor="6" />
	<Project>
		<Option title="Hunted_by_wild_animals_Game" />
		<Option pch_mode="2" />
		<Option compiler="gcc" />
		<Build>
			<Target title="Debug">
				<Option output="bin/Debug/Hunted_by_wild_animals_Game" prefix_auto="1" extension_auto="1" />
				<Option object_output="obj/Debug/" />
				<Option type="1" />
				<Option compiler="gcc" />
				<Compiler>
					<Add option="-g" />
					<Add directory="include" />
				</Compiler>
			</Target>
			<Target title="Release">
				<Option output="bin/Release/Hunted_by_wild_animals_Game" prefix_auto="1" extension_auto="1" />
				<Option object_output="obj/Release/" />
				<Option type="1" />
				<Option compiler="gcc" />
				<Compiler>
					<Add option="-O2" />
					<Add directory="include" />
				</Compiler>
				<Linker>
					<Add option="-s" />
				</Linker>
			</Target>
		</Build>
		<Compiler>
			<Add option="-Wall" />
			<Add option="-fexceptions" />
		</Compiler>
		<Unit filename="Position.cpp" />
		<Unit filename="Position.h" />
		<Unit filename="elements.cpp" />
		<Unit filename="elements.h" />
		<Unit filename="fauves.cpp" />
		<Unit filename="fauves.h" />
		<Unit filename="grille.cpp" />
		<Unit filename="grille.h" />
		<Unit filename="include/jeu.h" />
		<Unit filename="jeu.cpp" />
		<Unit filename="joueur.cpp" />
		<Unit filename="joueur.h" />
		<Unit filename="lion.cpp" />
		<Unit filename="lion.h" />
		<Unit filename="main.cpp" />
		<Unit filename="obstacle.cpp" />
		<Unit filename="obstacle.h" />
		<Unit filename="piege.cpp" />
		<Unit filename="piege.h" />
		<Unit filename="terrain.cpp" />
		<Unit filename="terrain.h" />
		<Unit filename="tigre.cpp" />
		<Unit filename="tigre.h" />
		<Extensions>
			<lib_finder disable_auto="1" />
		</Extensions>
	</Project>
</CodeBlocks_project_file>
